
Microsoft Visual Studio Solution File, Format Version 12.00
# Visual Studio Version 16
VisualStudioVersion = 16.0.32002.261
MinimumVisualStudioVersion = 10.0.40219.1
Project("{FAE04EC0-301F-11D3-BF4B-00C04F79EFBC}") = "EmployeePayrollMultiThreading", "EmployeePayrollMultiThreading\EmployeePayrollMultiThreading.csproj", "{78148947-79D0-4A24-A6A1-122C06DAAAEB}"
EndProject
Global
	GlobalSection(SolutionConfigurationPlatforms) = preSolution
		Debug|Any CPU = Debug|Any CPU
		Release|Any CPU = Release|Any CPU
	EndGlobalSection
	GlobalSection(ProjectConfigurationPlatforms) = postSolution
		{78148947-79D0-4A24-A6A1-122C06DAAAEB}.Debug|Any CPU.ActiveCfg = Debug|Any CPU
		{78148947-79D0-4A24-A6A1-122C06DAAAEB}.Debug|Any CPU.Build.0 = Debug|Any CPU
		{78148947-79D0-4A24-A6A1-122C06DAAAEB}.Release|Any CPU.ActiveCfg = Release|Any CPU
		{78148947-79D0-4A24-A6A1-122C06DAAAEB}.Release|Any CPU.Build.0 = Release|Any CPU
	EndGlobalSection
	GlobalSection(SolutionProperties) = preSolution
		HideSolutionNode = FALSE
	EndGlobalSection
	GlobalSection(ExtensibilityGlobals) = postSolution
		SolutionGuid = {D36D9AC3-078D-493C-B040-957EADB7207B}
	EndGlobalSection
EndGlobal
